
Microsoft Visual Studio Solution File, Format Version 12.00
# Visual Studio Version 17
VisualStudioVersion = 17.14.36301.6 d17.14
MinimumVisualStudioVersion = 10.0.40219.1
Project("{FAE04EC0-301F-11D3-BF4B-00C04F79EFBC}") = "MinhaListadeTarefas", "MinhaListadeTarefas\MinhaListadeTarefas.csproj", "{A3DE31F0-99A3-41BC-BB21-FE7372E6E74E}"
EndProject
Global
	GlobalSection(SolutionConfigurationPlatforms) = preSolution
		Debug|Any CPU = Debug|Any CPU
		Release|Any CPU = Release|Any CPU
	EndGlobalSection
	GlobalSection(ProjectConfigurationPlatforms) = postSolution
		{A3DE31F0-99A3-41BC-BB21-FE7372E6E74E}.Debug|Any CPU.ActiveCfg = Debug|Any CPU
		{A3DE31F0-99A3-41BC-BB21-FE7372E6E74E}.Debug|Any CPU.Build.0 = Debug|Any CPU
		{A3DE31F0-99A3-41BC-BB21-FE7372E6E74E}.Release|Any CPU.ActiveCfg = Release|Any CPU
		{A3DE31F0-99A3-41BC-BB21-FE7372E6E74E}.Release|Any CPU.Build.0 = Release|Any CPU
	EndGlobalSection
	GlobalSection(SolutionProperties) = preSolution
		HideSolutionNode = FALSE
	EndGlobalSection
	GlobalSection(ExtensibilityGlobals) = postSolution
		SolutionGuid = {2AF8180B-751F-45D6-90C5-8E2F5AEF6298}
	EndGlobalSection
EndGlobal
